
Microsoft Visual Studio Solution File, Format Version 12.00
# Visual Studio Version 17
VisualStudioVersion = 17.0.31912.275
MinimumVisualStudioVersion = 10.0.40219.1
Project("{FAE04EC0-301F-11D3-BF4B-00C04F79EFBC}") = "ConsoleApp11", "ConsoleApp11\ConsoleApp11.csproj", "{4172FC8C-3F12-4A25-8EDE-EF8B4A96126F}"
EndProject
Global
	GlobalSection(SolutionConfigurationPlatforms) = preSolution
		Debug|Any CPU = Debug|Any CPU
		Release|Any CPU = Release|Any CPU
	EndGlobalSection
	GlobalSection(ProjectConfigurationPlatforms) = postSolution
		{4172FC8C-3F12-4A25-8EDE-EF8B4A96126F}.Debug|Any CPU.ActiveCfg = Debug|Any CPU
		{4172FC8C-3F12-4A25-8EDE-EF8B4A96126F}.Debug|Any CPU.Build.0 = Debug|Any CPU
		{4172FC8C-3F12-4A25-8EDE-EF8B4A96126F}.Release|Any CPU.ActiveCfg = Release|Any CPU
		{4172FC8C-3F12-4A25-8EDE-EF8B4A96126F}.Release|Any CPU.Build.0 = Release|Any CPU
	EndGlobalSection
	GlobalSection(SolutionProperties) = preSolution
		HideSolutionNode = FALSE
	EndGlobalSection
	GlobalSection(ExtensibilityGlobals) = postSolution
		SolutionGuid = {87AF7DE4-4E47-4CA8-8087-74DC14C65F78}
	EndGlobalSection
EndGlobal
